
Microsoft Visual Studio Solution File, Format Version 12.00
# Visual Studio Version 17
VisualStudioVersion = 17.5.33424.131
MinimumVisualStudioVersion = 10.0.40219.1
Project("{FAE04EC0-301F-11D3-BF4B-00C04F79EFBC}") = "1Homework", "1Homework\1Homework.csproj", "{55E6F906-1D23-4F4A-A294-5F6EA53206EB}"
EndProject
Global
	GlobalSection(SolutionConfigurationPlatforms) = preSolution
		Debug|Any CPU = Debug|Any CPU
		Release|Any CPU = Release|Any CPU
	EndGlobalSection
	GlobalSection(ProjectConfigurationPlatforms) = postSolution
		{55E6F906-1D23-4F4A-A294-5F6EA53206EB}.Debug|Any CPU.ActiveCfg = Debug|Any CPU
		{55E6F906-1D23-4F4A-A294-5F6EA53206EB}.Debug|Any CPU.Build.0 = Debug|Any CPU
		{55E6F906-1D23-4F4A-A294-5F6EA53206EB}.Release|Any CPU.ActiveCfg = Release|Any CPU
		{55E6F906-1D23-4F4A-A294-5F6EA53206EB}.Release|Any CPU.Build.0 = Release|Any CPU
	EndGlobalSection
	GlobalSection(SolutionProperties) = preSolution
		HideSolutionNode = FALSE
	EndGlobalSection
	GlobalSection(ExtensibilityGlobals) = postSolution
		SolutionGuid = {8CDF50E4-8A34-490C-A143-C78A12508F6F}
	EndGlobalSection
EndGlobal
